
Microsoft Visual Studio Solution File, Format Version 12.00
# Visual Studio 14
VisualStudioVersion = 14.0.25123.0
MinimumVisualStudioVersion = 10.0.40219.1
Project("{FAE04EC0-301F-11D3-BF4B-00C04F79EFBC}") = "MainProject", "MainProject\MainProject.csproj", "{4F85820C-1886-4F5C-A112-AB4899E2DCFF}"
EndProject
Project("{8BC9CEB8-8B4A-11D0-8D11-00A0C91BC942}") = "LuaCLib", "..\LuaCLib\LuaCLib.vcxproj", "{9309ED2D-BB86-43DA-A751-28C0BD036302}"
EndProject
Project("{8BC9CEB8-8B4A-11D0-8D11-00A0C91BC942}") = "LuaRTLib", "..\LuaRTLib\LuaRTLib.vcxproj", "{2FF6789E-A1CE-4392-966E-239CB86B932B}"
EndProject
Project("{FAE04EC0-301F-11D3-BF4B-00C04F79EFBC}") = "LuaScript", "..\LuaScript\LuaScript.csproj", "{4FBB6D2F-0D7A-480E-8C19-D4BF70FABCD4}"
EndProject
Global
	GlobalSection(SolutionConfigurationPlatforms) = preSolution
		Debug|Any CPU = Debug|Any CPU
		Debug|ARM = Debug|ARM
		Debug|x64 = Debug|x64
		Debug|x86 = Debug|x86
		Release|Any CPU = Release|Any CPU
		Release|ARM = Release|ARM
		Release|x64 = Release|x64
		Release|x86 = Release|x86
	EndGlobalSection
	GlobalSection(ProjectConfigurationPlatforms) = postSolution
		{4F85820C-1886-4F5C-A112-AB4899E2DCFF}.Debug|Any CPU.ActiveCfg = Debug|x86
		{4F85820C-1886-4F5C-A112-AB4899E2DCFF}.Debug|ARM.ActiveCfg = Debug|ARM
		{4F85820C-1886-4F5C-A112-AB4899E2DCFF}.Debug|ARM.Build.0 = Debug|ARM
		{4F85820C-1886-4F5C-A112-AB4899E2DCFF}.Debug|ARM.Deploy.0 = Debug|ARM
		{4F85820C-1886-4F5C-A112-AB4899E2DCFF}.Debug|x64.ActiveCfg = Debug|x64
		{4F85820C-1886-4F5C-A112-AB4899E2DCFF}.Debug|x64.Build.0 = Debug|x64
		{4F85820C-1886-4F5C-A112-AB4899E2DCFF}.Debug|x64.Deploy.0 = Debug|x64
		{4F85820C-1886-4F5C-A112-AB4899E2DCFF}.Debug|x86.ActiveCfg = Debug|x86
		{4F85820C-1886-4F5C-A112-AB4899E2DCFF}.Debug|x86.Build.0 = Debug|x86
		{4F85820C-1886-4F5C-A112-AB4899E2DCFF}.Debug|x86.Deploy.0 = Debug|x86
		{4F85820C-1886-4F5C-A112-AB4899E2DCFF}.Release|Any CPU.ActiveCfg = Release|x86
		{4F85820C-1886-4F5C-A112-AB4899E2DCFF}.Release|ARM.ActiveCfg = Release|ARM
		{4F85820C-1886-4F5C-A112-AB4899E2DCFF}.Release|ARM.Build.0 = Release|ARM
		{4F85820C-1886-4F5C-A112-AB4899E2DCFF}.Release|ARM.Deploy.0 = Release|ARM
		{4F85820C-1886-4F5C-A112-AB4899E2DCFF}.Release|x64.ActiveCfg = Release|x64
		{4F85820C-1886-4F5C-A112-AB4899E2DCFF}.Release|x64.Build.0 = Release|x64
		{4F85820C-1886-4F5C-A112-AB4899E2DCFF}.Release|x64.Deploy.0 = Release|x64
		{4F85820C-1886-4F5C-A112-AB4899E2DCFF}.Release|x86.ActiveCfg = Release|x86
		{4F85820C-1886-4F5C-A112-AB4899E2DCFF}.Release|x86.Build.0 = Release|x86
		{4F85820C-1886-4F5C-A112-AB4899E2DCFF}.Release|x86.Deploy.0 = Release|x86
		{9309ED2D-BB86-43DA-A751-28C0BD036302}.Debug|Any CPU.ActiveCfg = Debug|Win32
		{9309ED2D-BB86-43DA-A751-28C0BD036302}.Debug|ARM.ActiveCfg = Debug|ARM
		{9309ED2D-BB86-43DA-A751-28C0BD036302}.Debug|ARM.Build.0 = Debug|ARM
		{9309ED2D-BB86-43DA-A751-28C0BD036302}.Debug|x64.ActiveCfg = Debug|x64
		{9309ED2D-BB86-43DA-A751-28C0BD036302}.Debug|x64.Build.0 = Debug|x64
		{9309ED2D-BB86-43DA-A751-28C0BD036302}.Debug|x86.ActiveCfg = Debug|Win32
		{9309ED2D-BB86-43DA-A751-28C0BD036302}.Debug|x86.Build.0 = Debug|Win32
		{9309ED2D-BB86-43DA-A751-28C0BD036302}.Release|Any CPU.ActiveCfg = Release|Win32
		{9309ED2D-BB86-43DA-A751-28C0BD036302}.Release|ARM.ActiveCfg = Release|ARM
		{9309ED2D-BB86-43DA-A751-28C0BD036302}.Release|ARM.Build.0 = Release|ARM
		{9309ED2D-BB86-43DA-A751-28C0BD036302}.Release|x64.ActiveCfg = Release|x64
		{9309ED2D-BB86-43DA-A751-28C0BD036302}.Release|x64.Build.0 = Release|x64
		{9309ED2D-BB86-43DA-A751-28C0BD036302}.Release|x86.ActiveCfg = Release|Win32
		{9309ED2D-BB86-43DA-A751-28C0BD036302}.Release|x86.Build.0 = Release|Win32
		{2FF6789E-A1CE-4392-966E-239CB86B932B}.Debug|Any CPU.ActiveCfg = Debug|Win32
		{2FF6789E-A1CE-4392-966E-239CB86B932B}.Debug|ARM.ActiveCfg = Debug|ARM
		{2FF6789E-A1CE-4392-966E-239CB86B932B}.Debug|ARM.Build.0 = Debug|ARM
		{2FF6789E-A1CE-4392-966E-239CB86B932B}.Debug|x64.ActiveCfg = Debug|x64
		{2FF6789E-A1CE-4392-966E-239CB86B932B}.Debug|x64.Build.0 = Debug|x64
		{2FF6789E-A1CE-4392-966E-239CB86B932B}.Debug|x86.ActiveCfg = Debug|Win32
		{2FF6789E-A1CE-4392-966E-239CB86B932B}.Debug|x86.Build.0 = Debug|Win32
		{2FF6789E-A1CE-4392-966E-239CB86B932B}.Release|Any CPU.ActiveCfg = Release|Win32
		{2FF6789E-A1CE-4392-966E-239CB86B932B}.Release|ARM.ActiveCfg = Release|ARM
		{2FF6789E-A1CE-4392-966E-239CB86B932B}.Release|ARM.Build.0 = Release|ARM
		{2FF6789E-A1CE-4392-966E-239CB86B932B}.Release|x64.ActiveCfg = Release|x64
		{2FF6789E-A1CE-4392-966E-239CB86B932B}.Release|x64.Build.0 = Release|x64
		{2FF6789E-A1CE-4392-966E-239CB86B932B}.Release|x86.ActiveCfg = Release|Win32
		{2FF6789E-A1CE-4392-966E-239CB86B932B}.Release|x86.Build.0 = Release|Win32
		{4FBB6D2F-0D7A-480E-8C19-D4BF70FABCD4}.Debug|Any CPU.ActiveCfg = Debug|Any CPU
		{4FBB6D2F-0D7A-480E-8C19-D4BF70FABCD4}.Debug|Any CPU.Build.0 = Debug|Any CPU
		{4FBB6D2F-0D7A-480E-8C19-D4BF70FABCD4}.Debug|ARM.ActiveCfg = Debug|ARM
		{4FBB6D2F-0D7A-480E-8C19-D4BF70FABCD4}.Debug|ARM.Build.0 = Debug|ARM
		{4FBB6D2F-0D7A-480E-8C19-D4BF70FABCD4}.Debug|x64.ActiveCfg = Debug|x64
		{4FBB6D2F-0D7A-480E-8C19-D4BF70FABCD4}.Debug|x64.Build.0 = Debug|x64
		{4FBB6D2F-0D7A-480E-8C19-D4BF70FABCD4}.Debug|x86.ActiveCfg = Debug|x86
		{4FBB6D2F-0D7A-480E-8C19-D4BF70FABCD4}.Debug|x86.Build.0 = Debug|x86
		{4FBB6D2F-0D7A-480E-8C19-D4BF70FABCD4}.Release|Any CPU.ActiveCfg = Release|Any CPU
		{4FBB6D2F-0D7A-480E-8C19-D4BF70FABCD4}.Release|Any CPU.Build.0 = Release|Any CPU
		{4FBB6D2F-0D7A-480E-8C19-D4BF70FABCD4}.Release|ARM.ActiveCfg = Release|ARM
		{4FBB6D2F-0D7A-480E-8C19-D4BF70FABCD4}.Release|ARM.Build.0 = Release|ARM
		{4FBB6D2F-0D7A-480E-8C19-D4BF70FABCD4}.Release|x64.ActiveCfg = Release|x64
		{4FBB6D2F-0D7A-480E-8C19-D4BF70FABCD4}.Release|x64.Build.0 = Release|x64
		{4FBB6D2F-0D7A-480E-8C19-D4BF70FABCD4}.Release|x86.ActiveCfg = Release|x86
		{4FBB6D2F-0D7A-480E-8C19-D4BF70FABCD4}.Release|x86.Build.0 = Release|x86
	EndGlobalSection
	GlobalSection(SolutionProperties) = preSolution
		HideSolutionNode = FALSE
	EndGlobalSection
EndGlobal
